
Microsoft Visual Studio Solution File, Format Version 12.00
# Visual Studio 15
VisualStudioVersion = 15.0.27703.2035
MinimumVisualStudioVersion = 10.0.40219.1
Project("{E24C65DC-7377-472B-9ABA-BC803B73C61A}") = "CapstoneProject", "CapstoneProject\", "{AC248EE9-34AD-4699-A446-6E63EF918858}"
	ProjectSection(WebsiteProperties) = preProject
		TargetFrameworkMoniker = ".NETFramework,Version%3Dv4.6.1"
		Debug.AspNetCompiler.VirtualPath = "/localhost_57713"
		Debug.AspNetCompiler.PhysicalPath = "CapstoneProject\"
		Debug.AspNetCompiler.TargetPath = "PrecompiledWeb\localhost_57713\"
		Debug.AspNetCompiler.Updateable = "true"
		Debug.AspNetCompiler.ForceOverwrite = "true"
		Debug.AspNetCompiler.FixedNames = "false"
		Debug.AspNetCompiler.Debug = "True"
		Release.AspNetCompiler.VirtualPath = "/localhost_57713"
		Release.AspNetCompiler.PhysicalPath = "CapstoneProject\"
		Release.AspNetCompiler.TargetPath = "PrecompiledWeb\localhost_57713\"
		Release.AspNetCompiler.Updateable = "true"
		Release.AspNetCompiler.ForceOverwrite = "true"
		Release.AspNetCompiler.FixedNames = "false"
		Release.AspNetCompiler.Debug = "False"
		VWDPort = "57713"
		SlnRelativePath = "CapstoneProject\"
		DefaultWebSiteLanguage = "Visual C#"
	EndProjectSection
EndProject
Global
	GlobalSection(SolutionConfigurationPlatforms) = preSolution
		Debug|Any CPU = Debug|Any CPU
	EndGlobalSection
	GlobalSection(ProjectConfigurationPlatforms) = postSolution
		{AC248EE9-34AD-4699-A446-6E63EF918858}.Debug|Any CPU.ActiveCfg = Debug|Any CPU
		{AC248EE9-34AD-4699-A446-6E63EF918858}.Debug|Any CPU.Build.0 = Debug|Any CPU
	EndGlobalSection
	GlobalSection(SolutionProperties) = preSolution
		HideSolutionNode = FALSE
	EndGlobalSection
	GlobalSection(ExtensibilityGlobals) = postSolution
		SolutionGuid = {8B3D09EB-A4EE-4FE6-86BE-A009F19947D7}
	EndGlobalSection
EndGlobal
